
Microsoft Visual Studio Solution File, Format Version 12.00
# Visual Studio Version 16
VisualStudioVersion = 16.0.32802.440
MinimumVisualStudioVersion = 10.0.40219.1
Project("{FAE04EC0-301F-11D3-BF4B-00C04F79EFBC}") = "p2", "p2.csproj", "{B25B5D58-4AAD-438F-96C8-D0D9E9F902A1}"
EndProject
Global
	GlobalSection(SolutionConfigurationPlatforms) = preSolution
		Debug|Any CPU = Debug|Any CPU
		Release|Any CPU = Release|Any CPU
	EndGlobalSection
	GlobalSection(ProjectConfigurationPlatforms) = postSolution
		{B25B5D58-4AAD-438F-96C8-D0D9E9F902A1}.Debug|Any CPU.ActiveCfg = Debug|Any CPU
		{B25B5D58-4AAD-438F-96C8-D0D9E9F902A1}.Debug|Any CPU.Build.0 = Debug|Any CPU
		{B25B5D58-4AAD-438F-96C8-D0D9E9F902A1}.Release|Any CPU.ActiveCfg = Release|Any CPU
		{B25B5D58-4AAD-438F-96C8-D0D9E9F902A1}.Release|Any CPU.Build.0 = Release|Any CPU
	EndGlobalSection
	GlobalSection(SolutionProperties) = preSolution
		HideSolutionNode = FALSE
	EndGlobalSection
	GlobalSection(ExtensibilityGlobals) = postSolution
		SolutionGuid = {1F4B0A25-C251-4BFA-93B0-3522CE31345D}
	EndGlobalSection
EndGlobal
